{
  "pins" : [
    {
      "identity" : "madrid",
      "kind" : "remoteSourceControl",
      "location" : "https://github.com/mattt/Madrid",
      "state" : {
        "branch" : "main",
        "revision" : "8f5f4f1eb87e3180e5572e72885d0eb6ea7bc13b"
      }
    },
    {
      "identity" : "sparkle",
      "kind" : "remoteSourceControl",
      "location" : "https://github.com/sparkle-project/Sparkle",
      "state" : {
        "revision" : "066e75a8b3e99962685d6a90cdd5293ebffd9261",
        "version" : "2.9.1"
      }
    }
  ],
  "version" : 2
}
